{
  "name": "client",
  "version": "0.1.0",
  "lockfileVersion": 1,
  "requires": true,
  "dependencies": {
    "vue-cli-plugin-build-watch": {
      "version": "1.0.0",
      "resolved": "https://registry.npmjs.org/vue-cli-plugin-build-watch/-/vue-cli-plugin-build-watch-1.0.0.tgz",
      "integrity": "sha1-oBrBr79VMLH6KN5WMjGVxrR20X0="
    }
  }
}
